
Microsoft Visual Studio Solution File, Format Version 12.00
# Visual Studio Version 17
VisualStudioVersion = 17.6.33723.286
MinimumVisualStudioVersion = 10.0.40219.1
Project("{FAE04EC0-301F-11D3-BF4B-00C04F79EFBC}") = "WebApplicationhtml", "WebApplicationhtml.csproj", "{A632BC28-266F-45C6-A9EC-6A00F5ED109C}"
EndProject
Global
	GlobalSection(SolutionConfigurationPlatforms) = preSolution
		Debug|Any CPU = Debug|Any CPU
		Release|Any CPU = Release|Any CPU
	EndGlobalSection
	GlobalSection(ProjectConfigurationPlatforms) = postSolution
		{A632BC28-266F-45C6-A9EC-6A00F5ED109C}.Debug|Any CPU.ActiveCfg = Debug|Any CPU
		{A632BC28-266F-45C6-A9EC-6A00F5ED109C}.Debug|Any CPU.Build.0 = Debug|Any CPU
		{A632BC28-266F-45C6-A9EC-6A00F5ED109C}.Release|Any CPU.ActiveCfg = Release|Any CPU
		{A632BC28-266F-45C6-A9EC-6A00F5ED109C}.Release|Any CPU.Build.0 = Release|Any CPU
	EndGlobalSection
	GlobalSection(SolutionProperties) = preSolution
		HideSolutionNode = FALSE
	EndGlobalSection
	GlobalSection(ExtensibilityGlobals) = postSolution
		SolutionGuid = {D210D60B-EBE7-449C-B3AE-CE39F7859F23}
	EndGlobalSection
EndGlobal
